
Microsoft Visual Studio Solution File, Format Version 12.00
# Visual Studio Version 17
VisualStudioVersion = 17.8.34408.163
MinimumVisualStudioVersion = 10.0.40219.1
Project("{9A19103F-16F7-4668-BE54-9A1E7A4F7556}") = "BotHost", "BotHost\BotHost.csproj", "{CD199EF0-FAED-48E9-8C43-AB3FE54B5838}"
EndProject
Project("{9A19103F-16F7-4668-BE54-9A1E7A4F7556}") = "BotAPILib", "BotAPILib\BotAPILib.csproj", "{67D8363C-06EC-4C56-815E-93C23788A5CC}"
EndProject
Project("{9A19103F-16F7-4668-BE54-9A1E7A4F7556}") = "BotApi", "..\BotApi\BotApi.csproj", "{90B0205A-2C02-496F-B8A7-E59B8ED2F05C}"
EndProject
Project("{FAE04EC0-301F-11D3-BF4B-00C04F79EFBC}") = "BotLogger", "BotLogger\BotLogger.csproj", "{F362936B-65C0-4CFF-A601-E5FC0425FD5C}"
EndProject
Global
	GlobalSection(SolutionConfigurationPlatforms) = preSolution
		Debug|Any CPU = Debug|Any CPU
		Release|Any CPU = Release|Any CPU
	EndGlobalSection
	GlobalSection(ProjectConfigurationPlatforms) = postSolution
		{CD199EF0-FAED-48E9-8C43-AB3FE54B5838}.Debug|Any CPU.ActiveCfg = Debug|Any CPU
		{CD199EF0-FAED-48E9-8C43-AB3FE54B5838}.Debug|Any CPU.Build.0 = Debug|Any CPU
		{CD199EF0-FAED-48E9-8C43-AB3FE54B5838}.Release|Any CPU.ActiveCfg = Release|Any CPU
		{CD199EF0-FAED-48E9-8C43-AB3FE54B5838}.Release|Any CPU.Build.0 = Release|Any CPU
		{67D8363C-06EC-4C56-815E-93C23788A5CC}.Debug|Any CPU.ActiveCfg = Debug|Any CPU
		{67D8363C-06EC-4C56-815E-93C23788A5CC}.Debug|Any CPU.Build.0 = Debug|Any CPU
		{67D8363C-06EC-4C56-815E-93C23788A5CC}.Release|Any CPU.ActiveCfg = Release|Any CPU
		{67D8363C-06EC-4C56-815E-93C23788A5CC}.Release|Any CPU.Build.0 = Release|Any CPU
		{90B0205A-2C02-496F-B8A7-E59B8ED2F05C}.Debug|Any CPU.ActiveCfg = Debug|Any CPU
		{90B0205A-2C02-496F-B8A7-E59B8ED2F05C}.Debug|Any CPU.Build.0 = Debug|Any CPU
		{90B0205A-2C02-496F-B8A7-E59B8ED2F05C}.Release|Any CPU.ActiveCfg = Release|Any CPU
		{90B0205A-2C02-496F-B8A7-E59B8ED2F05C}.Release|Any CPU.Build.0 = Release|Any CPU
		{F362936B-65C0-4CFF-A601-E5FC0425FD5C}.Debug|Any CPU.ActiveCfg = Debug|Any CPU
		{F362936B-65C0-4CFF-A601-E5FC0425FD5C}.Debug|Any CPU.Build.0 = Debug|Any CPU
		{F362936B-65C0-4CFF-A601-E5FC0425FD5C}.Release|Any CPU.ActiveCfg = Release|Any CPU
		{F362936B-65C0-4CFF-A601-E5FC0425FD5C}.Release|Any CPU.Build.0 = Release|Any CPU
	EndGlobalSection
	GlobalSection(SolutionProperties) = preSolution
		HideSolutionNode = FALSE
	EndGlobalSection
	GlobalSection(ExtensibilityGlobals) = postSolution
		SolutionGuid = {873926BF-03BB-4AB5-A8F1-8C44614D659B}
	EndGlobalSection
EndGlobal
